{
  "requires": true,
  "lockfileVersion": 1,
  "dependencies": {
    "fundamental-styles": {
      "version": "0.15.0",
      "resolved": "https://registry.npmjs.org/fundamental-styles/-/fundamental-styles-0.15.0.tgz",
      "integrity": "sha512-DznqbN9FVbY2jUPm/tm3iDYWPt5aHKMeWbunYeten5yPD8tX9cPgLRWfmwpbFOF35qqlobRagX9+mw/iQang3Q=="
    }
  }
}
